// !$*UTF8*$!
{
	archiveVersion = 1;
	classes = {
	};
	objectVersion = 46;
	objects = {

/* Begin PBXBuildFile section */
		D80161DB1DE63606002AA10A /* AppDelegate.swift in Sources */ = {isa = PBXBuildFile; fileRef = D80161DA1DE63606002AA10A /* AppDelegate.swift */; };
		D80161DD1DE63606002AA10A /* ViewController.swift in Sources */ = {isa = PBXBuildFile; fileRef = D80161DC1DE63606002AA10A /* ViewController.swift */; };
		D80161E01DE63606002AA10A /* Main.storyboard in Resources */ = {isa = PBXBuildFile; fileRef = D80161DE1DE63606002AA10A /* Main.storyboard */; };
		D80161E21DE63606002AA10A /* Assets.xcassets in Resources */ = {isa = PBXBuildFile; fileRef = D80161E11DE63606002AA10A /* Assets.xcassets */; };
		D80161E51DE63606002AA10A /* LaunchScreen.storyboard in Resources */ = {isa = PBXBuildFile; fileRef = D80161E31DE63606002AA10A /* LaunchScreen.storyboard */; };
		D80161ED1DE636D6002AA10A /* GoogleService-Info.plist in Resources */ = {isa = PBXBuildFile; fileRef = D80161EC1DE636D6002AA10A /* GoogleService-Info.plist */; };
		D80162001DE63C9B002AA10A /* GeoFire.m in Sources */ = {isa = PBXBuildFile; fileRef = D80161F71DE63C9B002AA10A /* GeoFire.m */; };
		D80162011DE63C9B002AA10A /* GFBase32Utils.m in Sources */ = {isa = PBXBuildFile; fileRef = D80161F91DE63C9B002AA10A /* GFBase32Utils.m */; };
		D80162021DE63C9B002AA10A /* GFGeoHash.m in Sources */ = {isa = PBXBuildFile; fileRef = D80161FB1DE63C9B002AA10A /* GFGeoHash.m */; };
		D80162031DE63C9B002AA10A /* GFGeoHashQuery.m in Sources */ = {isa = PBXBuildFile; fileRef = D80161FD1DE63C9B002AA10A /* GFGeoHashQuery.m */; };
		D80162041DE63C9B002AA10A /* GFQuery.m in Sources */ = {isa = PBXBuildFile; fileRef = D80161FF1DE63C9B002AA10A /* GFQuery.m */; };
		DBDDD80E3C81BF5CF83E5FF5 /* Pods_pokefinder.framework in Frameworks */ = {isa = PBXBuildFile; fileRef = 4177C6814E5B50B172DF3391 /* Pods_pokefinder.framework */; };
/* End PBXBuildFile section */

/* Begin PBXFileReference section */
		3C686FE0B860002B1A6E63CE /* Pods-pokefinder.release.xcconfig */ = {isa = PBXFileReference; includeInIndex = 1; lastKnownFileType = text.xcconfig; name = "Pods-pokefinder.release.xcconfig"; path = "Pods/Target Support Files/Pods-pokefinder/Pods-pokefinder.release.xcconfig"; sourceTree = "<group>"; };
		4177C6814E5B50B172DF3391 /* Pods_pokefinder.framework */ = {isa = PBXFileReference; explicitFileType = wrapper.framework; includeInIndex = 0; path = Pods_pokefinder.framework; sourceTree = BUILT_PRODUCTS_DIR; };
		D80161D71DE63606002AA10A /* pokefinder.app */ = {isa = PBXFileReference; explicitFileType = wrapper.application; includeInIndex = 0; path = pokefinder.app; sourceTree = BUILT_PRODUCTS_DIR; };
		D80161DA1DE63606002AA10A /* AppDelegate.swift */ = {isa = PBXFileReference; lastKnownFileType = sourcecode.swift; path = AppDelegate.swift; sourceTree = "<group>"; };
		D80161DC1DE63606002AA10A /* ViewController.swift */ = {isa = PBXFileReference; lastKnownFileType = sourcecode.swift; path = ViewController.swift; sourceTree = "<group>"; };
		D80161DF1DE63606002AA10A /* Base */ = {isa = PBXFileReference; lastKnownFileType = file.storyboard; name = Base; path = Base.lproj/Main.storyboard; sourceTree = "<group>"; };
		D80161E11DE63606002AA10A /* Assets.xcassets */ = {isa = PBXFileReference; lastKnownFileType = folder.assetcatalog; path = Assets.xcassets; sourceTree = "<group>"; };
		D80161E41DE63606002AA10A /* Base */ = {isa = PBXFileReference; lastKnownFileType = file.storyboard; name = Base; path = Base.lproj/LaunchScreen.storyboard; sourceTree = "<group>"; };
		D80161E61DE63606002AA10A /* Info.plist */ = {isa = PBXFileReference; lastKnownFileType = text.plist.xml; path = Info.plist; sourceTree = "<group>"; };
		D80161EC1DE636D6002AA10A /* GoogleService-Info.plist */ = {isa = PBXFileReference; fileEncoding = 4; lastKnownFileType = text.plist.xml; path = "GoogleService-Info.plist"; sourceTree = "<group>"; };
		D80161F01DE63C9B002AA10A /* GeoFire.h */ = {isa = PBXFileReference; fileEncoding = 4; lastKnownFileType = sourcecode.c.h; path = GeoFire.h; sourceTree = "<group>"; };
		D80161F11DE63C9B002AA10A /* GFCircleQuery.h */ = {isa = PBXFileReference; fileEncoding = 4; lastKnownFileType = sourcecode.c.h; path = GFCircleQuery.h; sourceTree = "<group>"; };
		D80161F21DE63C9B002AA10A /* GFQuery.h */ = {isa = PBXFileReference; fileEncoding = 4; lastKnownFileType = sourcecode.c.h; path = GFQuery.h; sourceTree = "<group>"; };
		D80161F31DE63C9B002AA10A /* GFRegionQuery.h */ = {isa = PBXFileReference; fileEncoding = 4; lastKnownFileType = sourcecode.c.h; path = GFRegionQuery.h; sourceTree = "<group>"; };
		D80161F41DE63C9B002AA10A /* GeoFire-Prefix.pch */ = {isa = PBXFileReference; fileEncoding = 4; lastKnownFileType = sourcecode.c.h; path = "GeoFire-Prefix.pch"; sourceTree = "<group>"; };
		D80161F61DE63C9B002AA10A /* GeoFire+Private.h */ = {isa = PBXFileReference; fileEncoding = 4; lastKnownFileType = sourcecode.c.h; path = "GeoFire+Private.h"; sourceTree = "<group>"; };
		D80161F71DE63C9B002AA10A /* GeoFire.m */ = {isa = PBXFileReference; fileEncoding = 4; lastKnownFileType = sourcecode.c.objc; path = GeoFire.m; sourceTree = "<group>"; };
		D80161F81DE63C9B002AA10A /* GFBase32Utils.h */ = {isa = PBXFileReference; fileEncoding = 4; lastKnownFileType = sourcecode.c.h; path = GFBase32Utils.h; sourceTree = "<group>"; };
		D80161F91DE63C9B002AA10A /* GFBase32Utils.m */ = {isa = PBXFileReference; fileEncoding = 4; lastKnownFileType = sourcecode.c.objc; path = GFBase32Utils.m; sourceTree = "<group>"; };
		D80161FA1DE63C9B002AA10A /* GFGeoHash.h */ = {isa = PBXFileReference; fileEncoding = 4; lastKnownFileType = sourcecode.c.h; path = GFGeoHash.h; sourceTree = "<group>"; };
		D80161FB1DE63C9B002AA10A /* GFGeoHash.m */ = {isa = PBXFileReference; fileEncoding = 4; lastKnownFileType = sourcecode.c.objc; path = GFGeoHash.m; sourceTree = "<group>"; };
		D80161FC1DE63C9B002AA10A /* GFGeoHashQuery.h */ = {isa = PBXFileReference; fileEncoding = 4; lastKnownFileType = sourcecode.c.h; path = GFGeoHashQuery.h; sourceTree = "<group>"; };
		D80161FD1DE63C9B002AA10A /* GFGeoHashQuery.m */ = {isa = PBXFileReference; fileEncoding = 4; lastKnownFileType = sourcecode.c.objc; path = GFGeoHashQuery.m; sourceTree = "<group>"; };
		D80161FE1DE63C9B002AA10A /* GFQuery+Private.h */ = {isa = PBXFileReference; fileEncoding = 4; lastKnownFileType = sourcecode.c.h; path = "GFQuery+Private.h"; sourceTree = "<group>"; };
		D80161FF1DE63C9B002AA10A /* GFQuery.m */ = {isa = PBXFileReference; fileEncoding = 4; lastKnownFileType = sourcecode.c.objc; path = GFQuery.m; sourceTree = "<group>"; };
		D80162081DE63DC9002AA10A /* pokefinder-Bridging-Header.h */ = {isa = PBXFileReference; fileEncoding = 4; lastKnownFileType = sourcecode.c.h; path = "pokefinder-Bridging-Header.h"; sourceTree = "<group>"; };
		FCDFEDE7B762AC58072658AE /* Pods-pokefinder.debug.xcconfig */ = {isa = PBXFileReference; includeInIndex = 1; lastKnownFileType = text.xcconfig; name = "Pods-pokefinder.debug.xcconfig"; path = "Pods/Target Support Files/Pods-pokefinder/Pods-pokefinder.debug.xcconfig"; sourceTree = "<group>"; };
/* End PBXFileReference section */

/* Begin PBXFrameworksBuildPhase section */
		D80161D41DE63606002AA10A /* Frameworks */ = {
			isa = PBXFrameworksBuildPhase;
			buildActionMask = 2147483647;
			files = (
				DBDDD80E3C81BF5CF83E5FF5 /* Pods_pokefinder.framework in Frameworks */,
			);
			runOnlyForDeploymentPostprocessing = 0;
		};
/* End PBXFrameworksBuildPhase section */

/* Begin PBXGroup section */
		020BBD10B1E399309F079AA8 /* Frameworks */ = {
			isa = PBXGroup;
			children = (
				4177C6814E5B50B172DF3391 /* Pods_pokefinder.framework */,
			);
			name = Frameworks;
			sourceTree = "<group>";
		};
		81A780E8DD59A607FA1D7E47 /* Pods */ = {
			isa = PBXGroup;
			children = (
				FCDFEDE7B762AC58072658AE /* Pods-pokefinder.debug.xcconfig */,
				3C686FE0B860002B1A6E63CE /* Pods-pokefinder.release.xcconfig */,
			);
			name = Pods;
			sourceTree = "<group>";
		};
		D80161CE1DE63606002AA10A = {
			isa = PBXGroup;
			children = (
				D80161D91DE63606002AA10A /* pokefinder */,
				D80161D81DE63606002AA10A /* Products */,
				81A780E8DD59A607FA1D7E47 /* Pods */,
				020BBD10B1E399309F079AA8 /* Frameworks */,
			);
			sourceTree = "<group>";
		};
		D80161D81DE63606002AA10A /* Products */ = {
			isa = PBXGroup;
			children = (
				D80161D71DE63606002AA10A /* pokefinder.app */,
			);
			name = Products;
			sourceTree = "<group>";
		};
		D80161D91DE63606002AA10A /* pokefinder */ = {
			isa = PBXGroup;
			children = (
				D80161EE1DE63C9B002AA10A /* GeoFire */,
				D80161DA1DE63606002AA10A /* AppDelegate.swift */,
				D80161DC1DE63606002AA10A /* ViewController.swift */,
				D80161DE1DE63606002AA10A /* Main.storyboard */,
				D80161E11DE63606002AA10A /* Assets.xcassets */,
				D80161E31DE63606002AA10A /* LaunchScreen.storyboard */,
				D80161E61DE63606002AA10A /* Info.plist */,
				D80161EC1DE636D6002AA10A /* GoogleService-Info.plist */,
				D80162081DE63DC9002AA10A /* pokefinder-Bridging-Header.h */,
			);
			path = pokefinder;
			sourceTree = "<group>";
		};
		D80161EE1DE63C9B002AA10A /* GeoFire */ = {
			isa = PBXGroup;
			children = (
				D80161EF1DE63C9B002AA10A /* API */,
				D80161F41DE63C9B002AA10A /* GeoFire-Prefix.pch */,
				D80161F51DE63C9B002AA10A /* Implementation */,
			);
			path = GeoFire;
			sourceTree = "<group>";
		};
		D80161EF1DE63C9B002AA10A /* API */ = {
			isa = PBXGroup;
			children = (
				D80161F01DE63C9B002AA10A /* GeoFire.h */,
				D80161F11DE63C9B002AA10A /* GFCircleQuery.h */,
				D80161F21DE63C9B002AA10A /* GFQuery.h */,
				D80161F31DE63C9B002AA10A /* GFRegionQuery.h */,
			);
			path = API;
			sourceTree = "<group>";
		};
		D80161F51DE63C9B002AA10A /* Implementation */ = {
			isa = PBXGroup;
			children = (
				D80161F61DE63C9B002AA10A /* GeoFire+Private.h */,
				D80161F71DE63C9B002AA10A /* GeoFire.m */,
				D80161F81DE63C9B002AA10A /* GFBase32Utils.h */,
				D80161F91DE63C9B002AA10A /* GFBase32Utils.m */,
				D80161FA1DE63C9B002AA10A /* GFGeoHash.h */,
				D80161FB1DE63C9B002AA10A /* GFGeoHash.m */,
				D80161FC1DE63C9B002AA10A /* GFGeoHashQuery.h */,
				D80161FD1DE63C9B002AA10A /* GFGeoHashQuery.m */,
				D80161FE1DE63C9B002AA10A /* GFQuery+Private.h */,
				D80161FF1DE63C9B002AA10A /* GFQuery.m */,
			);
			path = Implementation;
			sourceTree = "<group>";
		};
/* End PBXGroup section */

/* Begin PBXNativeTarget section */
		D80161D61DE63606002AA10A /* pokefinder */ = {
			isa = PBXNativeTarget;
			buildConfigurationList = D80161E91DE63606002AA10A /* Build configuration list for PBXNativeTarget "pokefinder" */;
			buildPhases = (
				24DD68844BD4170BA9129C39 /* [CP] Check Pods Manifest.lock */,
				D80161D31DE63606002AA10A /* Sources */,
				D80161D41DE63606002AA10A /* Frameworks */,
				D80161D51DE63606002AA10A /* Resources */,
				FEA11F53DDB11718E62248E1 /* [CP] Embed Pods Frameworks */,
				BA1EC0D8A478AD8905175E3F /* [CP] Copy Pods Resources */,
			);
			buildRules = (
			);
			dependencies = (
			);
			name = pokefinder;
			productName = pokefinder;
			productReference = D80161D71DE63606002AA10A /* pokefinder.app */;
			productType = "com.apple.product-type.application";
		};
/* End PBXNativeTarget section */

/* Begin PBXProject section */
		D80161CF1DE63606002AA10A /* Project object */ = {
			isa = PBXProject;
			attributes = {
				LastSwiftUpdateCheck = 0810;
				LastUpgradeCheck = 0810;
				ORGANIZATIONNAME = "Richard Cuico";
				TargetAttributes = {
					D80161D61DE63606002AA10A = {
						CreatedOnToolsVersion = 8.1;
						DevelopmentTeam = 5LCQX3CS6E;
						ProvisioningStyle = Automatic;
					};
				};
			};
			buildConfigurationList = D80161D21DE63606002AA10A /* Build configuration list for PBXProject "pokefinder" */;
			compatibilityVersion = "Xcode 3.2";
			developmentRegion = English;
			hasScannedForEncodings = 0;
			knownRegions = (
				en,
				Base,
			);
			mainGroup = D80161CE1DE63606002AA10A;
			productRefGroup = D80161D81DE63606002AA10A /* Products */;
			projectDirPath = "";
			projectRoot = "";
			targets = (
				D80161D61DE63606002AA10A /* pokefinder */,
			);
		};
/* End PBXProject section */

/* Begin PBXResourcesBuildPhase section */
		D80161D51DE63606002AA10A /* Resources */ = {
			isa = PBXResourcesBuildPhase;
			buildActionMask = 2147483647;
			files = (
				D80161E51DE63606002AA10A /* LaunchScreen.storyboard in Resources */,
				D80161ED1DE636D6002AA10A /* GoogleService-Info.plist in Resources */,
				D80161E21DE63606002AA10A /* Assets.xcassets in Resources */,
				D80161E01DE63606002AA10A /* Main.storyboard in Resources */,
			);
			runOnlyForDeploymentPostprocessing = 0;
		};
/* End PBXResourcesBuildPhase section */

/* Begin PBXShellScriptBuildPhase section */
		24DD68844BD4170BA9129C39 /* [CP] Check Pods Manifest.lock */ = {
			isa = PBXShellScriptBuildPhase;
			buildActionMask = 2147483647;
			files = (
			);
			inputPaths = (
			);
			name = "[CP] Check Pods Manifest.lock";
			outputPaths = (
			);
			runOnlyForDeploymentPostprocessing = 0;
			shellPath = /bin/sh;
			shellScript = "diff \"${PODS_ROOT}/../Podfile.lock\" \"${PODS_ROOT}/Manifest.lock\" > /dev/null\nif [ $? != 0 ] ; then\n    # print error to STDERR\n    echo \"error: The sandbox is not in sync with the Podfile.lock. Run 'pod install' or update your CocoaPods installation.\" >&2\n    exit 1\nfi\n";
			showEnvVarsInLog = 0;
		};
		BA1EC0D8A478AD8905175E3F /* [CP] Copy Pods Resources */ = {
			isa = PBXShellScriptBuildPhase;
			buildActionMask = 2147483647;
			files = (
			);
			inputPaths = (
			);
			name = "[CP] Copy Pods Resources";
			outputPaths = (
			);
			runOnlyForDeploymentPostprocessing = 0;
			shellPath = /bin/sh;
			shellScript = "\"${SRCROOT}/Pods/Target Support Files/Pods-pokefinder/Pods-pokefinder-resources.sh\"\n";
			showEnvVarsInLog = 0;
		};
		FEA11F53DDB11718E62248E1 /* [CP] Embed Pods Frameworks */ = {
			isa = PBXShellScriptBuildPhase;
			buildActionMask = 2147483647;
			files = (
			);
			inputPaths = (
			);
			name = "[CP] Embed Pods Frameworks";
			outputPaths = (
			);
			runOnlyForDeploymentPostprocessing = 0;
			shellPath = /bin/sh;
			shellScript = "\"${SRCROOT}/Pods/Target Support Files/Pods-pokefinder/Pods-pokefinder-frameworks.sh\"\n";
			showEnvVarsInLog = 0;
		};
/* End PBXShellScriptBuildPhase section */

/* Begin PBXSourcesBuildPhase section */
		D80161D31DE63606002AA10A /* Sources */ = {
			isa = PBXSourcesBuildPhase;
			buildActionMask = 2147483647;
			files = (
				D80162011DE63C9B002AA10A /* GFBase32Utils.m in Sources */,
				D80161DD1DE63606002AA10A /* ViewController.swift in Sources */,
				D80162021DE63C9B002AA10A /* GFGeoHash.m in Sources */,
				D80161DB1DE63606002AA10A /* AppDelegate.swift in Sources */,
				D80162001DE63C9B002AA10A /* GeoFire.m in Sources */,
				D80162031DE63C9B002AA10A /* GFGeoHashQuery.m in Sources */,
				D80162041DE63C9B002AA10A /* GFQuery.m in Sources */,
			);
			runOnlyForDeploymentPostprocessing = 0;
		};
/* End PBXSourcesBuildPhase section */

/* Begin PBXVariantGroup section */
		D80161DE1DE63606002AA10A /* Main.storyboard */ = {
			isa = PBXVariantGroup;
			children = (
				D80161DF1DE63606002AA10A /* Base */,
			);
			name = Main.storyboard;
			sourceTree = "<group>";
		};
		D80161E31DE63606002AA10A /* LaunchScreen.storyboard */ = {
			isa = PBXVariantGroup;
			children = (
				D80161E41DE63606002AA10A /* Base */,
			);
			name = LaunchScreen.storyboard;
			sourceTree = "<group>";
		};
/* End PBXVariantGroup section */

/* Begin XCBuildConfiguration section */
		D80161E71DE63606002AA10A /* Debug */ = {
			isa = XCBuildConfiguration;
			buildSettings = {
				ALWAYS_SEARCH_USER_PATHS = NO;
				CLANG_ANALYZER_NONNULL = YES;
				CLANG_CXX_LANGUAGE_STANDARD = "gnu++0x";
				CLANG_CXX_LIBRARY = "libc++";
				CLANG_ENABLE_MODULES = YES;
				CLANG_ENABLE_OBJC_ARC = YES;
				CLANG_WARN_BOOL_CONVERSION = YES;
				CLANG_WARN_CONSTANT_CONVERSION = YES;
				CLANG_WARN_DIRECT_OBJC_ISA_USAGE = YES_ERROR;
				CLANG_WARN_DOCUMENTATION_COMMENTS = YES;
				CLANG_WARN_EMPTY_BODY = YES;
				CLANG_WARN_ENUM_CONVERSION = YES;
				CLANG_WARN_INFINITE_RECURSION = YES;
				CLANG_WARN_INT_CONVERSION = YES;
				CLANG_WARN_OBJC_ROOT_CLASS = YES_ERROR;
				CLANG_WARN_SUSPICIOUS_MOVES = YES;
				CLANG_WARN_UNREACHABLE_CODE = YES;
				CLANG_WARN__DUPLICATE_METHOD_MATCH = YES;
				"CODE_SIGN_IDENTITY[sdk=iphoneos*]" = "iPhone Developer";
				COPY_PHASE_STRIP = NO;
				DEBUG_INFORMATION_FORMAT = dwarf;
				ENABLE_STRICT_OBJC_MSGSEND = YES;
				ENABLE_TESTABILITY = YES;
				GCC_C_LANGUAGE_STANDARD = gnu99;
				GCC_DYNAMIC_NO_PIC = NO;
				GCC_NO_COMMON_BLOCKS = YES;
				GCC_OPTIMIZATION_LEVEL = 0;
				GCC_PREPROCESSOR_DEFINITIONS = (
					"DEBUG=1",
					"$(inherited)",
				);
				GCC_WARN_64_TO_32_BIT_CONVERSION = YES;
				GCC_WARN_ABOUT_RETURN_TYPE = YES_ERROR;
				GCC_WARN_UNDECLARED_SELECTOR = YES;
				GCC_WARN_UNINITIALIZED_AUTOS = YES_AGGRESSIVE;
				GCC_WARN_UNUSED_FUNCTION = YES;
				GCC_WARN_UNUSED_VARIABLE = YES;
				IPHONEOS_DEPLOYMENT_TARGET = 10.1;
				MTL_ENABLE_DEBUG_INFO = YES;
				ONLY_ACTIVE_ARCH = YES;
				SDKROOT = iphoneos;
				SWIFT_ACTIVE_COMPILATION_CONDITIONS = DEBUG;
				SWIFT_OPTIMIZATION_LEVEL = "-Onone";
				TARGETED_DEVICE_FAMILY = "1,2";
			};
			name = Debug;
		};
		D80161E81DE63606002AA10A /* Release */ = {
			isa = XCBuildConfiguration;
			buildSettings = {
				ALWAYS_SEARCH_USER_PATHS = NO;
				CLANG_ANALYZER_NONNULL = YES;
				CLANG_CXX_LANGUAGE_STANDARD = "gnu++0x";
				CLANG_CXX_LIBRARY = "libc++";
				CLANG_ENABLE_MODULES = YES;
				CLANG_ENABLE_OBJC_ARC = YES;
				CLANG_WARN_BOOL_CONVERSION = YES;
				CLANG_WARN_CONSTANT_CONVERSION = YES;
				CLANG_WARN_DIRECT_OBJC_ISA_USAGE = YES_ERROR;
				CLANG_WARN_DOCUMENTATION_COMMENTS = YES;
				CLANG_WARN_EMPTY_BODY = YES;
				CLANG_WARN_ENUM_CONVERSION = YES;
				CLANG_WARN_INFINITE_RECURSION = YES;
				CLANG_WARN_INT_CONVERSION = YES;
				CLANG_WARN_OBJC_ROOT_CLASS = YES_ERROR;
				CLANG_WARN_SUSPICIOUS_MOVES = YES;
				CLANG_WARN_UNREACHABLE_CODE = YES;
				CLANG_WARN__DUPLICATE_METHOD_MATCH = YES;
				"CODE_SIGN_IDENTITY[sdk=iphoneos*]" = "iPhone Developer";
				COPY_PHASE_STRIP = NO;
				DEBUG_INFORMATION_FORMAT = "dwarf-with-dsym";
				ENABLE_NS_ASSERTIONS = NO;
				ENABLE_STRICT_OBJC_MSGSEND = YES;
				GCC_C_LANGUAGE_STANDARD = gnu99;
				GCC_NO_COMMON_BLOCKS = YES;
				GCC_WARN_64_TO_32_BIT_CONVERSION = YES;
				GCC_WARN_ABOUT_RETURN_TYPE = YES_ERROR;
				GCC_WARN_UNDECLARED_SELECTOR = YES;
				GCC_WARN_UNINITIALIZED_AUTOS = YES_AGGRESSIVE;
				GCC_WARN_UNUSED_FUNCTION = YES;
				GCC_WARN_UNUSED_VARIABLE = YES;
				IPHONEOS_DEPLOYMENT_TARGET = 10.1;
				MTL_ENABLE_DEBUG_INFO = NO;
				SDKROOT = iphoneos;
				SWIFT_OPTIMIZATION_LEVEL = "-Owholemodule";
				TARGETED_DEVICE_FAMILY = "1,2";
				VALIDATE_PRODUCT = YES;
			};
			name = Release;
		};
		D80161EA1DE63606002AA10A /* Debug */ = {
			isa = XCBuildConfiguration;
			baseConfigurationReference = FCDFEDE7B762AC58072658AE /* Pods-pokefinder.debug.xcconfig */;
			buildSettings = {
				ASSETCATALOG_COMPILER_APPICON_NAME = AppIcon;
				DEVELOPMENT_TEAM = 5LCQX3CS6E;
				INFOPLIST_FILE = pokefinder/Info.plist;
				LD_RUNPATH_SEARCH_PATHS = "$(inherited) @executable_path/Frameworks";
				PRODUCT_BUNDLE_IDENTIFIER = com.Cuico.pokefinder;
				PRODUCT_NAME = "$(TARGET_NAME)";
				SWIFT_OBJC_BRIDGING_HEADER = "pokefinder/pokefinder-Bridging-Header.h";
				SWIFT_VERSION = 3.0;
			};
			name = Debug;
		};
		D80161EB1DE63606002AA10A /* Release */ = {
			isa = XCBuildConfiguration;
			baseConfigurationReference = 3C686FE0B860002B1A6E63CE /* Pods-pokefinder.release.xcconfig */;
			buildSettings = {
				ASSETCATALOG_COMPILER_APPICON_NAME = AppIcon;
				DEVELOPMENT_TEAM = 5LCQX3CS6E;
				INFOPLIST_FILE = pokefinder/Info.plist;
				LD_RUNPATH_SEARCH_PATHS = "$(inherited) @executable_path/Frameworks";
				PRODUCT_BUNDLE_IDENTIFIER = com.Cuico.pokefinder;
				PRODUCT_NAME = "$(TARGET_NAME)";
				SWIFT_OBJC_BRIDGING_HEADER = "pokefinder/pokefinder-Bridging-Header.h";
				SWIFT_VERSION = 3.0;
			};
			name = Release;
		};
/* End XCBuildConfiguration section */

/* Begin XCConfigurationList section */
		D80161D21DE63606002AA10A /* Build configuration list for PBXProject "pokefinder" */ = {
			isa = XCConfigurationList;
			buildConfigurations = (
				D80161E71DE63606002AA10A /* Debug */,
				D80161E81DE63606002AA10A /* Release */,
			);
			defaultConfigurationIsVisible = 0;
			defaultConfigurationName = Release;
		};
		D80161E91DE63606002AA10A /* Build configuration list for PBXNativeTarget "pokefinder" */ = {
			isa = XCConfigurationList;
			buildConfigurations = (
				D80161EA1DE63606002AA10A /* Debug */,
				D80161EB1DE63606002AA10A /* Release */,
			);
			defaultConfigurationIsVisible = 0;
			defaultConfigurationName = Release;
		};
/* End XCConfigurationList section */
	};
	rootObject = D80161CF1DE63606002AA10A /* Project object */;
}
